schema: '2.0'
stages:
  preprocess:
    cmd: python src/preprocess.py --input data/raw/a1_RestaurantReviews_HistoricDump.tsv
      --output data/processed/preprocessed_data.pkl
    deps:
    - path: data/raw/a1_RestaurantReviews_HistoricDump.tsv
      hash: md5
      md5: 102f1f4193e0bdebdd6cce7f13e0a839
      size: 54686
    - path: src/preprocess.py
      hash: md5
      md5: ab5bb000fc12aec5959f250d8db8274b
      size: 2203
    outs:
    - path: data/processed/preprocessed_data.pkl
      hash: md5
      md5: 18158d9d3455b1ee63466d305594d351
      size: 10231518
  train:
    cmd: python src/train.py --input data/processed/preprocessed_data.pkl --model
      models/sentiment-model.pkl --metrics artifacts/accuracy.json
    deps:
    - path: data/processed/preprocessed_data.pkl
      hash: md5
      md5: 18158d9d3455b1ee63466d305594d351
      size: 10231518
    - path: src/train.py
      hash: md5
      md5: 2ba5ff1a8820f391ff81aaa902690dfa
      size: 1742
    outs:
    - path: artifacts/accuracy.json
      hash: md5
      md5: 3b7dab84a86ad5a72595a74a3a15f1ed
      size: 36
    - path: models/sentiment-model.pkl
      hash: md5
      md5: a2251bca024b67648cac6ab4ef6cdf27
      size: 12328
  evaluate:
    cmd: python src/evaluate.py --model models/sentiment-model.pkl --data data/processed/preprocessed_data.pkl
      --output artifacts/evaluation.json
    deps:
    - path: data/processed/preprocessed_data.pkl
      hash: md5
      md5: 18158d9d3455b1ee63466d305594d351
      size: 10231518
    - path: models/sentiment-model.pkl
      hash: md5
      md5: a2251bca024b67648cac6ab4ef6cdf27
      size: 12328
    - path: src/evaluate.py
      hash: md5
      md5: 202ac46a81b953b2da8eb8be718f014c
      size: 1860
    outs:
    - path: artifacts/evaluation.json
      hash: md5
      md5: 23ad4fa416a8e3b35c87700d14f409ef
      size: 109
