schema: '2.0'
stages:
  preprocess:
    cmd: python sentiment_model_trainer/preprocess.py --input data/raw/a1_RestaurantReviews_HistoricDump.tsv
      --output data/processed/preprocessed_data.pkl
    deps:
    - path: data/raw/a1_RestaurantReviews_HistoricDump.tsv
      hash: md5
      md5: 102f1f4193e0bdebdd6cce7f13e0a839
      size: 54686
      isexec: true
    - path: sentiment_model_trainer/preprocess.py
      hash: md5
      md5: b1806c8d657f25469b353f5befa35e72
      size: 2190
      isexec: true
    outs:
    - path: artifacts/c1_BoW_Sentiment_Model.pkl
      hash: md5
      md5: 21f57465a27b5f61c544dabb021a6939
      size: 39432
      isexec: true
    - path: data/processed/preprocessed_data.pkl
      hash: md5
      md5: 64c81e0f77eacdce6f96dfedb702bb6b
      size: 10231518
      isexec: true
  train:
    cmd: python sentiment_model_trainer/train.py --input data/processed/preprocessed_data.pkl
      --vectorizer artifacts/c1_BoW_Sentiment_Model.pkl --model models/sentiment-model.pkl
      --metrics artifacts/accuracy.json
    deps:
    - path: artifacts/c1_BoW_Sentiment_Model.pkl
      hash: md5
      md5: 21f57465a27b5f61c544dabb021a6939
      size: 39432
      isexec: true
    - path: data/processed/preprocessed_data.pkl
      hash: md5
      md5: 64c81e0f77eacdce6f96dfedb702bb6b
      size: 10231518
      isexec: true
    - path: sentiment_model_trainer/train.py
      hash: md5
      md5: 5080cfb149defd7ce7972a5e9330c9ec
      size: 2618
      isexec: true
    outs:
    - path: artifacts/accuracy.json
      hash: md5
      md5: 53730ccd81d39d5b023b80aee3d0cf4d
      size: 36
      isexec: true
    - path: models/sentiment-model.pkl
      hash: md5
      md5: 8652717f6a943326053c69be082821ff
      size: 51840
      isexec: true
  evaluate:
    cmd: python sentiment_model_trainer/evaluate.py --model models/sentiment-model-without-vectorizer.pkl
      --data data/processed/preprocessed_data.pkl --output artifacts/evaluation.json
    deps:
    - path: data/processed/preprocessed_data.pkl
      hash: md5
      md5: 64c81e0f77eacdce6f96dfedb702bb6b
      size: 10231518
      isexec: true
    - path: models/sentiment-model-without-vectorizer.pkl
      hash: md5
      md5: 2d45586a252ede1086c77d609c28950c
      size: 12328
      isexec: true
    - path: sentiment_model_trainer/evaluate.py
      hash: md5
      md5: ec654af8f6cfef7a0e3eb7b14b0dee21
      size: 1862
      isexec: true
    outs:
    - path: artifacts/evaluation.json
      hash: md5
      md5: bb86df87b33ce5b07844e0dd26c4e142
      size: 109
      isexec: true
  test:
    cmd: ./run_all_test.bash
    deps:
    - path: requirements.txt
      hash: md5
      md5: 6245eefe01dd7a0b57e68d3f90027f80
      size: 90
      isexec: true
    - path: sentiment_model_trainer/
      hash: md5
      md5: aa354fe468470ffaf708de646923cc7b.dir
      size: 13076
      nfiles: 7
    - path: tests/
      hash: md5
      md5: 84b8c8150122f98da646fd1bc54172e8.dir
      size: 56823
      nfiles: 20
    outs:
    - path: metrics/test_metrics.json
      hash: md5
      md5: c9b7106e0e7330245d4b117796ef6e19
      size: 146
      isexec: true
